
Microsoft Visual Studio Solution File, Format Version 12.00
# Visual Studio 2013
VisualStudioVersion = 12.0.31101.0
MinimumVisualStudioVersion = 10.0.40219.1
Project("{2150E333-8FDC-42A3-9474-1A3956D46DE8}") = "WooqerTest", "WooqerTest", "{77882B3C-8FA8-43EF-B742-4477CD8DF81C}"
EndProject
Project("{D954291E-2A0B-460D-934E-DC6B0785DB48}") = "WooqerTest.Shared", "WooqerTest\WooqerTest.Shared\WooqerTest.Shared.shproj", "{F801338F-EDAC-4388-A3F6-2F76A0FC98C1}"
EndProject
Project("{FAE04EC0-301F-11D3-BF4B-00C04F79EFBC}") = "WooqerTest.Windows", "WooqerTest\WooqerTest.Windows\WooqerTest.Windows.csproj", "{31D386BE-13DC-4485-8E64-6F76DE1571E0}"
EndProject
Project("{FAE04EC0-301F-11D3-BF4B-00C04F79EFBC}") = "WooqerTest.WindowsPhone", "WooqerTest\WooqerTest.WindowsPhone\WooqerTest.WindowsPhone.csproj", "{8EE39E6B-7588-41D6-BD8D-E11A61B28322}"
EndProject
Project("{FAE04EC0-301F-11D3-BF4B-00C04F79EFBC}") = "Models", "Models\Models.csproj", "{330DA535-092C-4263-A9EE-9FC561D23E50}"
EndProject
Project("{FAE04EC0-301F-11D3-BF4B-00C04F79EFBC}") = "GoogleApis", "GoogleApiSearch\GoogleApis.csproj", "{11A13A30-BB9C-4375-A0AD-A610D794C075}"
EndProject
Project("{FAE04EC0-301F-11D3-BF4B-00C04F79EFBC}") = "JISoft.NetworkUtil", "NetworkServices\JISoft.NetworkUtil.csproj", "{663FA9E3-1FA4-47A7-8058-E262A834882E}"
EndProject
Project("{2150E333-8FDC-42A3-9474-1A3956D46DE8}") = "WINRT", "WINRT", "{8CA639DA-2BAB-4699-AC79-7CBB491D62C2}"
EndProject
Project("{2150E333-8FDC-42A3-9474-1A3956D46DE8}") = "Silverlight", "Silverlight", "{A2A789F5-ABD9-4044-939E-EA00A47A7E93}"
EndProject
Project("{FAE04EC0-301F-11D3-BF4B-00C04F79EFBC}") = "ViewModels", "ViewModels\ViewModels.csproj", "{FAC70A1E-13CB-4E77-957A-B5BBA313CA56}"
EndProject
Project("{FAE04EC0-301F-11D3-BF4B-00C04F79EFBC}") = "SharedLibrary", "SharedLibrary\SharedLibrary.csproj", "{220D20BF-B6AC-4892-BC2E-AF7781626180}"
EndProject
Project("{FAE04EC0-301F-11D3-BF4B-00C04F79EFBC}") = "PhoneExclusives", "PhoneExclusives\PhoneExclusives.csproj", "{BF31D9A3-76B0-42AB-99BF-9DBF4C641724}"
EndProject
Project("{FAE04EC0-301F-11D3-BF4B-00C04F79EFBC}") = "WindowsExclusive", "WindowsExclusive\WindowsExclusive.csproj", "{08298013-8AC9-411F-BDCC-14AAFAF7CF5B}"
EndProject
Project("{FAE04EC0-301F-11D3-BF4B-00C04F79EFBC}") = "WooqerTest.WindowsPhone.Silverlight", "WooqertestSlv\WooqerTest.WindowsPhone.Silverlight.csproj", "{6C97E3F3-E229-4C3C-80A1-59E478222ABC}"
EndProject
Project("{FAE04EC0-301F-11D3-BF4B-00C04F79EFBC}") = "PortableEssentials", "PortableEssentials\PortableEssentials.csproj", "{68FF6F13-54C4-4794-95C5-0610F6A0FA28}"
EndProject
Global
	GlobalSection(SharedMSBuildProjectFiles) = preSolution
		WooqerTest\WooqerTest.Shared\WooqerTest.Shared.projitems*{8ee39e6b-7588-41d6-bd8d-e11a61b28322}*SharedItemsImports = 4
		WooqerTest\WooqerTest.Shared\WooqerTest.Shared.projitems*{f801338f-edac-4388-a3f6-2f76a0fc98c1}*SharedItemsImports = 13
		WooqerTest\WooqerTest.Shared\WooqerTest.Shared.projitems*{31d386be-13dc-4485-8e64-6f76de1571e0}*SharedItemsImports = 4
	EndGlobalSection
	GlobalSection(SolutionConfigurationPlatforms) = preSolution
		Debug|Any CPU = Debug|Any CPU
		Debug|ARM = Debug|ARM
		Debug|x64 = Debug|x64
		Debug|x86 = Debug|x86
		Release|Any CPU = Release|Any CPU
		Release|ARM = Release|ARM
		Release|x64 = Release|x64
		Release|x86 = Release|x86
	EndGlobalSection
	GlobalSection(ProjectConfigurationPlatforms) = postSolution
		{31D386BE-13DC-4485-8E64-6F76DE1571E0}.Debug|Any CPU.ActiveCfg = Debug|Any CPU
		{31D386BE-13DC-4485-8E64-6F76DE1571E0}.Debug|Any CPU.Build.0 = Debug|Any CPU
		{31D386BE-13DC-4485-8E64-6F76DE1571E0}.Debug|Any CPU.Deploy.0 = Debug|Any CPU
		{31D386BE-13DC-4485-8E64-6F76DE1571E0}.Debug|ARM.ActiveCfg = Debug|ARM
		{31D386BE-13DC-4485-8E64-6F76DE1571E0}.Debug|ARM.Build.0 = Debug|ARM
		{31D386BE-13DC-4485-8E64-6F76DE1571E0}.Debug|ARM.Deploy.0 = Debug|ARM
		{31D386BE-13DC-4485-8E64-6F76DE1571E0}.Debug|x64.ActiveCfg = Debug|x64
		{31D386BE-13DC-4485-8E64-6F76DE1571E0}.Debug|x64.Build.0 = Debug|x64
		{31D386BE-13DC-4485-8E64-6F76DE1571E0}.Debug|x64.Deploy.0 = Debug|x64
		{31D386BE-13DC-4485-8E64-6F76DE1571E0}.Debug|x86.ActiveCfg = Debug|x86
		{31D386BE-13DC-4485-8E64-6F76DE1571E0}.Debug|x86.Build.0 = Debug|x86
		{31D386BE-13DC-4485-8E64-6F76DE1571E0}.Debug|x86.Deploy.0 = Debug|x86
		{31D386BE-13DC-4485-8E64-6F76DE1571E0}.Release|Any CPU.ActiveCfg = Release|Any CPU
		{31D386BE-13DC-4485-8E64-6F76DE1571E0}.Release|Any CPU.Build.0 = Release|Any CPU
		{31D386BE-13DC-4485-8E64-6F76DE1571E0}.Release|Any CPU.Deploy.0 = Release|Any CPU
		{31D386BE-13DC-4485-8E64-6F76DE1571E0}.Release|ARM.ActiveCfg = Release|ARM
		{31D386BE-13DC-4485-8E64-6F76DE1571E0}.Release|ARM.Build.0 = Release|ARM
		{31D386BE-13DC-4485-8E64-6F76DE1571E0}.Release|ARM.Deploy.0 = Release|ARM
		{31D386BE-13DC-4485-8E64-6F76DE1571E0}.Release|x64.ActiveCfg = Release|x64
		{31D386BE-13DC-4485-8E64-6F76DE1571E0}.Release|x64.Build.0 = Release|x64
		{31D386BE-13DC-4485-8E64-6F76DE1571E0}.Release|x64.Deploy.0 = Release|x64
		{31D386BE-13DC-4485-8E64-6F76DE1571E0}.Release|x86.ActiveCfg = Release|x86
		{31D386BE-13DC-4485-8E64-6F76DE1571E0}.Release|x86.Build.0 = Release|x86
		{31D386BE-13DC-4485-8E64-6F76DE1571E0}.Release|x86.Deploy.0 = Release|x86
		{8EE39E6B-7588-41D6-BD8D-E11A61B28322}.Debug|Any CPU.ActiveCfg = Debug|Any CPU
		{8EE39E6B-7588-41D6-BD8D-E11A61B28322}.Debug|Any CPU.Build.0 = Debug|Any CPU
		{8EE39E6B-7588-41D6-BD8D-E11A61B28322}.Debug|Any CPU.Deploy.0 = Debug|Any CPU
		{8EE39E6B-7588-41D6-BD8D-E11A61B28322}.Debug|ARM.ActiveCfg = Debug|ARM
		{8EE39E6B-7588-41D6-BD8D-E11A61B28322}.Debug|ARM.Build.0 = Debug|ARM
		{8EE39E6B-7588-41D6-BD8D-E11A61B28322}.Debug|ARM.Deploy.0 = Debug|ARM
		{8EE39E6B-7588-41D6-BD8D-E11A61B28322}.Debug|x64.ActiveCfg = Debug|Any CPU
		{8EE39E6B-7588-41D6-BD8D-E11A61B28322}.Debug|x86.ActiveCfg = Debug|x86
		{8EE39E6B-7588-41D6-BD8D-E11A61B28322}.Debug|x86.Build.0 = Debug|x86
		{8EE39E6B-7588-41D6-BD8D-E11A61B28322}.Debug|x86.Deploy.0 = Debug|x86
		{8EE39E6B-7588-41D6-BD8D-E11A61B28322}.Release|Any CPU.ActiveCfg = Release|Any CPU
		{8EE39E6B-7588-41D6-BD8D-E11A61B28322}.Release|Any CPU.Build.0 = Release|Any CPU
		{8EE39E6B-7588-41D6-BD8D-E11A61B28322}.Release|Any CPU.Deploy.0 = Release|Any CPU
		{8EE39E6B-7588-41D6-BD8D-E11A61B28322}.Release|ARM.ActiveCfg = Release|ARM
		{8EE39E6B-7588-41D6-BD8D-E11A61B28322}.Release|ARM.Build.0 = Release|ARM
		{8EE39E6B-7588-41D6-BD8D-E11A61B28322}.Release|ARM.Deploy.0 = Release|ARM
		{8EE39E6B-7588-41D6-BD8D-E11A61B28322}.Release|x64.ActiveCfg = Release|Any CPU
		{8EE39E6B-7588-41D6-BD8D-E11A61B28322}.Release|x86.ActiveCfg = Release|x86
		{8EE39E6B-7588-41D6-BD8D-E11A61B28322}.Release|x86.Build.0 = Release|x86
		{8EE39E6B-7588-41D6-BD8D-E11A61B28322}.Release|x86.Deploy.0 = Release|x86
		{330DA535-092C-4263-A9EE-9FC561D23E50}.Debug|Any CPU.ActiveCfg = Debug|Any CPU
		{330DA535-092C-4263-A9EE-9FC561D23E50}.Debug|Any CPU.Build.0 = Debug|Any CPU
		{330DA535-092C-4263-A9EE-9FC561D23E50}.Debug|ARM.ActiveCfg = Debug|Any CPU
		{330DA535-092C-4263-A9EE-9FC561D23E50}.Debug|x64.ActiveCfg = Debug|Any CPU
		{330DA535-092C-4263-A9EE-9FC561D23E50}.Debug|x86.ActiveCfg = Debug|Any CPU
		{330DA535-092C-4263-A9EE-9FC561D23E50}.Release|Any CPU.ActiveCfg = Release|Any CPU
		{330DA535-092C-4263-A9EE-9FC561D23E50}.Release|Any CPU.Build.0 = Release|Any CPU
		{330DA535-092C-4263-A9EE-9FC561D23E50}.Release|ARM.ActiveCfg = Release|Any CPU
		{330DA535-092C-4263-A9EE-9FC561D23E50}.Release|x64.ActiveCfg = Release|Any CPU
		{330DA535-092C-4263-A9EE-9FC561D23E50}.Release|x86.ActiveCfg = Release|Any CPU
		{11A13A30-BB9C-4375-A0AD-A610D794C075}.Debug|Any CPU.ActiveCfg = Debug|Any CPU
		{11A13A30-BB9C-4375-A0AD-A610D794C075}.Debug|Any CPU.Build.0 = Debug|Any CPU
		{11A13A30-BB9C-4375-A0AD-A610D794C075}.Debug|ARM.ActiveCfg = Debug|Any CPU
		{11A13A30-BB9C-4375-A0AD-A610D794C075}.Debug|x64.ActiveCfg = Debug|Any CPU
		{11A13A30-BB9C-4375-A0AD-A610D794C075}.Debug|x86.ActiveCfg = Debug|Any CPU
		{11A13A30-BB9C-4375-A0AD-A610D794C075}.Release|Any CPU.ActiveCfg = Release|Any CPU
		{11A13A30-BB9C-4375-A0AD-A610D794C075}.Release|Any CPU.Build.0 = Release|Any CPU
		{11A13A30-BB9C-4375-A0AD-A610D794C075}.Release|ARM.ActiveCfg = Release|Any CPU
		{11A13A30-BB9C-4375-A0AD-A610D794C075}.Release|x64.ActiveCfg = Release|Any CPU
		{11A13A30-BB9C-4375-A0AD-A610D794C075}.Release|x86.ActiveCfg = Release|Any CPU
		{663FA9E3-1FA4-47A7-8058-E262A834882E}.Debug|Any CPU.ActiveCfg = Debug|Any CPU
		{663FA9E3-1FA4-47A7-8058-E262A834882E}.Debug|Any CPU.Build.0 = Debug|Any CPU
		{663FA9E3-1FA4-47A7-8058-E262A834882E}.Debug|ARM.ActiveCfg = Debug|Any CPU
		{663FA9E3-1FA4-47A7-8058-E262A834882E}.Debug|x64.ActiveCfg = Debug|Any CPU
		{663FA9E3-1FA4-47A7-8058-E262A834882E}.Debug|x86.ActiveCfg = Debug|Any CPU
		{663FA9E3-1FA4-47A7-8058-E262A834882E}.Release|Any CPU.ActiveCfg = Release|Any CPU
		{663FA9E3-1FA4-47A7-8058-E262A834882E}.Release|Any CPU.Build.0 = Release|Any CPU
		{663FA9E3-1FA4-47A7-8058-E262A834882E}.Release|ARM.ActiveCfg = Release|Any CPU
		{663FA9E3-1FA4-47A7-8058-E262A834882E}.Release|x64.ActiveCfg = Release|Any CPU
		{663FA9E3-1FA4-47A7-8058-E262A834882E}.Release|x86.ActiveCfg = Release|Any CPU
		{FAC70A1E-13CB-4E77-957A-B5BBA313CA56}.Debug|Any CPU.ActiveCfg = Debug|Any CPU
		{FAC70A1E-13CB-4E77-957A-B5BBA313CA56}.Debug|Any CPU.Build.0 = Debug|Any CPU
		{FAC70A1E-13CB-4E77-957A-B5BBA313CA56}.Debug|ARM.ActiveCfg = Debug|Any CPU
		{FAC70A1E-13CB-4E77-957A-B5BBA313CA56}.Debug|x64.ActiveCfg = Debug|Any CPU
		{FAC70A1E-13CB-4E77-957A-B5BBA313CA56}.Debug|x86.ActiveCfg = Debug|Any CPU
		{FAC70A1E-13CB-4E77-957A-B5BBA313CA56}.Release|Any CPU.ActiveCfg = Release|Any CPU
		{FAC70A1E-13CB-4E77-957A-B5BBA313CA56}.Release|Any CPU.Build.0 = Release|Any CPU
		{FAC70A1E-13CB-4E77-957A-B5BBA313CA56}.Release|ARM.ActiveCfg = Release|Any CPU
		{FAC70A1E-13CB-4E77-957A-B5BBA313CA56}.Release|x64.ActiveCfg = Release|Any CPU
		{FAC70A1E-13CB-4E77-957A-B5BBA313CA56}.Release|x86.ActiveCfg = Release|Any CPU
		{220D20BF-B6AC-4892-BC2E-AF7781626180}.Debug|Any CPU.ActiveCfg = Debug|Any CPU
		{220D20BF-B6AC-4892-BC2E-AF7781626180}.Debug|Any CPU.Build.0 = Debug|Any CPU
		{220D20BF-B6AC-4892-BC2E-AF7781626180}.Debug|ARM.ActiveCfg = Debug|Any CPU
		{220D20BF-B6AC-4892-BC2E-AF7781626180}.Debug|x64.ActiveCfg = Debug|Any CPU
		{220D20BF-B6AC-4892-BC2E-AF7781626180}.Debug|x86.ActiveCfg = Debug|Any CPU
		{220D20BF-B6AC-4892-BC2E-AF7781626180}.Release|Any CPU.ActiveCfg = Release|Any CPU
		{220D20BF-B6AC-4892-BC2E-AF7781626180}.Release|Any CPU.Build.0 = Release|Any CPU
		{220D20BF-B6AC-4892-BC2E-AF7781626180}.Release|ARM.ActiveCfg = Release|Any CPU
		{220D20BF-B6AC-4892-BC2E-AF7781626180}.Release|x64.ActiveCfg = Release|Any CPU
		{220D20BF-B6AC-4892-BC2E-AF7781626180}.Release|x86.ActiveCfg = Release|Any CPU
		{BF31D9A3-76B0-42AB-99BF-9DBF4C641724}.Debug|Any CPU.ActiveCfg = Debug|Any CPU
		{BF31D9A3-76B0-42AB-99BF-9DBF4C641724}.Debug|Any CPU.Build.0 = Debug|Any CPU
		{BF31D9A3-76B0-42AB-99BF-9DBF4C641724}.Debug|ARM.ActiveCfg = Debug|Any CPU
		{BF31D9A3-76B0-42AB-99BF-9DBF4C641724}.Debug|x64.ActiveCfg = Debug|Any CPU
		{BF31D9A3-76B0-42AB-99BF-9DBF4C641724}.Debug|x86.ActiveCfg = Debug|Any CPU
		{BF31D9A3-76B0-42AB-99BF-9DBF4C641724}.Release|Any CPU.ActiveCfg = Release|Any CPU
		{BF31D9A3-76B0-42AB-99BF-9DBF4C641724}.Release|Any CPU.Build.0 = Release|Any CPU
		{BF31D9A3-76B0-42AB-99BF-9DBF4C641724}.Release|ARM.ActiveCfg = Release|Any CPU
		{BF31D9A3-76B0-42AB-99BF-9DBF4C641724}.Release|x64.ActiveCfg = Release|Any CPU
		{BF31D9A3-76B0-42AB-99BF-9DBF4C641724}.Release|x86.ActiveCfg = Release|Any CPU
		{08298013-8AC9-411F-BDCC-14AAFAF7CF5B}.Debug|Any CPU.ActiveCfg = Debug|Any CPU
		{08298013-8AC9-411F-BDCC-14AAFAF7CF5B}.Debug|Any CPU.Build.0 = Debug|Any CPU
		{08298013-8AC9-411F-BDCC-14AAFAF7CF5B}.Debug|ARM.ActiveCfg = Debug|ARM
		{08298013-8AC9-411F-BDCC-14AAFAF7CF5B}.Debug|ARM.Build.0 = Debug|ARM
		{08298013-8AC9-411F-BDCC-14AAFAF7CF5B}.Debug|x64.ActiveCfg = Debug|x64
		{08298013-8AC9-411F-BDCC-14AAFAF7CF5B}.Debug|x64.Build.0 = Debug|x64
		{08298013-8AC9-411F-BDCC-14AAFAF7CF5B}.Debug|x86.ActiveCfg = Debug|x86
		{08298013-8AC9-411F-BDCC-14AAFAF7CF5B}.Debug|x86.Build.0 = Debug|x86
		{08298013-8AC9-411F-BDCC-14AAFAF7CF5B}.Release|Any CPU.ActiveCfg = Release|Any CPU
		{08298013-8AC9-411F-BDCC-14AAFAF7CF5B}.Release|Any CPU.Build.0 = Release|Any CPU
		{08298013-8AC9-411F-BDCC-14AAFAF7CF5B}.Release|ARM.ActiveCfg = Release|ARM
		{08298013-8AC9-411F-BDCC-14AAFAF7CF5B}.Release|ARM.Build.0 = Release|ARM
		{08298013-8AC9-411F-BDCC-14AAFAF7CF5B}.Release|x64.ActiveCfg = Release|x64
		{08298013-8AC9-411F-BDCC-14AAFAF7CF5B}.Release|x64.Build.0 = Release|x64
		{08298013-8AC9-411F-BDCC-14AAFAF7CF5B}.Release|x86.ActiveCfg = Release|x86
		{08298013-8AC9-411F-BDCC-14AAFAF7CF5B}.Release|x86.Build.0 = Release|x86
		{6C97E3F3-E229-4C3C-80A1-59E478222ABC}.Debug|Any CPU.ActiveCfg = Debug|Any CPU
		{6C97E3F3-E229-4C3C-80A1-59E478222ABC}.Debug|Any CPU.Build.0 = Debug|Any CPU
		{6C97E3F3-E229-4C3C-80A1-59E478222ABC}.Debug|Any CPU.Deploy.0 = Debug|Any CPU
		{6C97E3F3-E229-4C3C-80A1-59E478222ABC}.Debug|ARM.ActiveCfg = Debug|ARM
		{6C97E3F3-E229-4C3C-80A1-59E478222ABC}.Debug|ARM.Build.0 = Debug|ARM
		{6C97E3F3-E229-4C3C-80A1-59E478222ABC}.Debug|ARM.Deploy.0 = Debug|ARM
		{6C97E3F3-E229-4C3C-80A1-59E478222ABC}.Debug|x64.ActiveCfg = Debug|Any CPU
		{6C97E3F3-E229-4C3C-80A1-59E478222ABC}.Debug|x86.ActiveCfg = Debug|x86
		{6C97E3F3-E229-4C3C-80A1-59E478222ABC}.Debug|x86.Build.0 = Debug|x86
		{6C97E3F3-E229-4C3C-80A1-59E478222ABC}.Debug|x86.Deploy.0 = Debug|x86
		{6C97E3F3-E229-4C3C-80A1-59E478222ABC}.Release|Any CPU.ActiveCfg = Release|Any CPU
		{6C97E3F3-E229-4C3C-80A1-59E478222ABC}.Release|Any CPU.Build.0 = Release|Any CPU
		{6C97E3F3-E229-4C3C-80A1-59E478222ABC}.Release|Any CPU.Deploy.0 = Release|Any CPU
		{6C97E3F3-E229-4C3C-80A1-59E478222ABC}.Release|ARM.ActiveCfg = Release|ARM
		{6C97E3F3-E229-4C3C-80A1-59E478222ABC}.Release|ARM.Build.0 = Release|ARM
		{6C97E3F3-E229-4C3C-80A1-59E478222ABC}.Release|ARM.Deploy.0 = Release|ARM
		{6C97E3F3-E229-4C3C-80A1-59E478222ABC}.Release|x64.ActiveCfg = Release|Any CPU
		{6C97E3F3-E229-4C3C-80A1-59E478222ABC}.Release|x86.ActiveCfg = Release|x86
		{6C97E3F3-E229-4C3C-80A1-59E478222ABC}.Release|x86.Build.0 = Release|x86
		{6C97E3F3-E229-4C3C-80A1-59E478222ABC}.Release|x86.Deploy.0 = Release|x86
		{68FF6F13-54C4-4794-95C5-0610F6A0FA28}.Debug|Any CPU.ActiveCfg = Debug|Any CPU
		{68FF6F13-54C4-4794-95C5-0610F6A0FA28}.Debug|Any CPU.Build.0 = Debug|Any CPU
		{68FF6F13-54C4-4794-95C5-0610F6A0FA28}.Debug|ARM.ActiveCfg = Debug|Any CPU
		{68FF6F13-54C4-4794-95C5-0610F6A0FA28}.Debug|x64.ActiveCfg = Debug|Any CPU
		{68FF6F13-54C4-4794-95C5-0610F6A0FA28}.Debug|x86.ActiveCfg = Debug|Any CPU
		{68FF6F13-54C4-4794-95C5-0610F6A0FA28}.Release|Any CPU.ActiveCfg = Release|Any CPU
		{68FF6F13-54C4-4794-95C5-0610F6A0FA28}.Release|Any CPU.Build.0 = Release|Any CPU
		{68FF6F13-54C4-4794-95C5-0610F6A0FA28}.Release|ARM.ActiveCfg = Release|Any CPU
		{68FF6F13-54C4-4794-95C5-0610F6A0FA28}.Release|x64.ActiveCfg = Release|Any CPU
		{68FF6F13-54C4-4794-95C5-0610F6A0FA28}.Release|x86.ActiveCfg = Release|Any CPU
	EndGlobalSection
	GlobalSection(SolutionProperties) = preSolution
		HideSolutionNode = FALSE
	EndGlobalSection
	GlobalSection(NestedProjects) = preSolution
		{77882B3C-8FA8-43EF-B742-4477CD8DF81C} = {8CA639DA-2BAB-4699-AC79-7CBB491D62C2}
		{F801338F-EDAC-4388-A3F6-2F76A0FC98C1} = {77882B3C-8FA8-43EF-B742-4477CD8DF81C}
		{31D386BE-13DC-4485-8E64-6F76DE1571E0} = {77882B3C-8FA8-43EF-B742-4477CD8DF81C}
		{8EE39E6B-7588-41D6-BD8D-E11A61B28322} = {77882B3C-8FA8-43EF-B742-4477CD8DF81C}
		{BF31D9A3-76B0-42AB-99BF-9DBF4C641724} = {8CA639DA-2BAB-4699-AC79-7CBB491D62C2}
		{08298013-8AC9-411F-BDCC-14AAFAF7CF5B} = {8CA639DA-2BAB-4699-AC79-7CBB491D62C2}
		{6C97E3F3-E229-4C3C-80A1-59E478222ABC} = {A2A789F5-ABD9-4044-939E-EA00A47A7E93}
	EndGlobalSection
EndGlobal
